
Microsoft Visual Studio Solution File, Format Version 12.00
# Visual Studio 2013
VisualStudioVersion = 12.0.40629.0
MinimumVisualStudioVersion = 10.0.40219.1
Project("{FAE04EC0-301F-11D3-BF4B-00C04F79EFBC}") = "Sam", "Sam\Sam.csproj", "{8388FE23-6F7E-4D0E-89AB-6D436DFAFA5B}"
EndProject
Global
	GlobalSection(SolutionConfigurationPlatforms) = preSolution
		Debug|Any CPU = Debug|Any CPU
		Release|Any CPU = Release|Any CPU
	EndGlobalSection
	GlobalSection(ProjectConfigurationPlatforms) = postSolution
		{8388FE23-6F7E-4D0E-89AB-6D436DFAFA5B}.Debug|Any CPU.ActiveCfg = Debug|Any CPU
		{8388FE23-6F7E-4D0E-89AB-6D436DFAFA5B}.Debug|Any CPU.Build.0 = Debug|Any CPU
		{8388FE23-6F7E-4D0E-89AB-6D436DFAFA5B}.Release|Any CPU.ActiveCfg = Release|Any CPU
		{8388FE23-6F7E-4D0E-89AB-6D436DFAFA5B}.Release|Any CPU.Build.0 = Release|Any CPU
	EndGlobalSection
	GlobalSection(SolutionProperties) = preSolution
		HideSolutionNode = FALSE
	EndGlobalSection
EndGlobal
